// !$*UTF8*$!
{
	archiveVersion = 1;
	classes = {
	};
	objectVersion = 55;
	objects = {

/* Begin PBXBuildFile section */
		115A657827F218EE001CBCD2 /* MetaWeddingApp.swift in Sources */ = {isa = PBXBuildFile; fileRef = 115A657727F218EE001CBCD2 /* MetaWeddingApp.swift */; };
		115A657A27F218EE001CBCD2 /* ContentView.swift in Sources */ = {isa = PBXBuildFile; fileRef = 115A657927F218EE001CBCD2 /* ContentView.swift */; };
		115A657C27F218F0001CBCD2 /* Assets.xcassets in Resources */ = {isa = PBXBuildFile; fileRef = 115A657B27F218F0001CBCD2 /* Assets.xcassets */; };
		115A657F27F218F0001CBCD2 /* Preview Assets.xcassets in Resources */ = {isa = PBXBuildFile; fileRef = 115A657E27F218F0001CBCD2 /* Preview Assets.xcassets */; };
		115A658827F22C3D001CBCD2 /* MainScreen.swift in Sources */ = {isa = PBXBuildFile; fileRef = 115A658727F22C3D001CBCD2 /* MainScreen.swift */; };
		115A658C27F22D93001CBCD2 /* WalletConnect.swift in Sources */ = {isa = PBXBuildFile; fileRef = 115A658B27F22D93001CBCD2 /* WalletConnect.swift */; };
		115A659027F23101001CBCD2 /* WalletConnectSwift in Frameworks */ = {isa = PBXBuildFile; productRef = 115A658F27F23101001CBCD2 /* WalletConnectSwift */; };
		115A659827F253E8001CBCD2 /* GlobalViewModel.swift in Sources */ = {isa = PBXBuildFile; fileRef = 115A659727F253E8001CBCD2 /* GlobalViewModel.swift */; };
/* End PBXBuildFile section */

/* Begin PBXFileReference section */
		115A657427F218EE001CBCD2 /* MetaWedding.app */ = {isa = PBXFileReference; explicitFileType = wrapper.application; includeInIndex = 0; path = MetaWedding.app; sourceTree = BUILT_PRODUCTS_DIR; };
		115A657727F218EE001CBCD2 /* MetaWeddingApp.swift */ = {isa = PBXFileReference; lastKnownFileType = sourcecode.swift; path = MetaWeddingApp.swift; sourceTree = "<group>"; };
		115A657927F218EE001CBCD2 /* ContentView.swift */ = {isa = PBXFileReference; lastKnownFileType = sourcecode.swift; path = ContentView.swift; sourceTree = "<group>"; };
		115A657B27F218F0001CBCD2 /* Assets.xcassets */ = {isa = PBXFileReference; lastKnownFileType = folder.assetcatalog; path = Assets.xcassets; sourceTree = "<group>"; };
		115A657E27F218F0001CBCD2 /* Preview Assets.xcassets */ = {isa = PBXFileReference; lastKnownFileType = folder.assetcatalog; path = "Preview Assets.xcassets"; sourceTree = "<group>"; };
		115A658627F22B63001CBCD2 /* WalletConnectSwift */ = {isa = PBXFileReference; lastKnownFileType = wrapper; name = WalletConnectSwift; path = ../../WalletConnectSwift; sourceTree = "<group>"; };
		115A658727F22C3D001CBCD2 /* MainScreen.swift */ = {isa = PBXFileReference; lastKnownFileType = sourcecode.swift; path = MainScreen.swift; sourceTree = "<group>"; };
		115A658B27F22D93001CBCD2 /* WalletConnect.swift */ = {isa = PBXFileReference; lastKnownFileType = sourcecode.swift; path = WalletConnect.swift; sourceTree = "<group>"; };
		115A658D27F22E2E001CBCD2 /* WalletConnectSwift */ = {isa = PBXFileReference; lastKnownFileType = wrapper; name = WalletConnectSwift; path = ../../WalletConnectSwift; sourceTree = "<group>"; };
		115A659727F253E8001CBCD2 /* GlobalViewModel.swift */ = {isa = PBXFileReference; lastKnownFileType = sourcecode.swift; path = GlobalViewModel.swift; sourceTree = "<group>"; };
		115A659927F3CD1B001CBCD2 /* Info.plist */ = {isa = PBXFileReference; lastKnownFileType = text.plist; path = Info.plist; sourceTree = "<group>"; };
/* End PBXFileReference section */

/* Begin PBXFrameworksBuildPhase section */
		115A657127F218EE001CBCD2 /* Frameworks */ = {
			isa = PBXFrameworksBuildPhase;
			buildActionMask = 2147483647;
			files = (
				115A659027F23101001CBCD2 /* WalletConnectSwift in Frameworks */,
			);
			runOnlyForDeploymentPostprocessing = 0;
		};
/* End PBXFrameworksBuildPhase section */

/* Begin PBXGroup section */
		115A656B27F218EE001CBCD2 = {
			isa = PBXGroup;
			children = (
				115A658527F22B63001CBCD2 /* Packages */,
				115A657627F218EE001CBCD2 /* MetaWedding */,
				115A657527F218EE001CBCD2 /* Products */,
				115A658E27F23101001CBCD2 /* Frameworks */,
			);
			sourceTree = "<group>";
		};
		115A657527F218EE001CBCD2 /* Products */ = {
			isa = PBXGroup;
			children = (
				115A657427F218EE001CBCD2 /* MetaWedding.app */,
			);
			name = Products;
			sourceTree = "<group>";
		};
		115A657627F218EE001CBCD2 /* MetaWedding */ = {
			isa = PBXGroup;
			children = (
				115A659927F3CD1B001CBCD2 /* Info.plist */,
				115A658A27F22D12001CBCD2 /* ViewModel */,
				115A658927F22CFF001CBCD2 /* View */,
				115A657727F218EE001CBCD2 /* MetaWeddingApp.swift */,
				115A657927F218EE001CBCD2 /* ContentView.swift */,
				115A657B27F218F0001CBCD2 /* Assets.xcassets */,
				115A657D27F218F0001CBCD2 /* Preview Content */,
			);
			path = MetaWedding;
			sourceTree = "<group>";
		};
		115A657D27F218F0001CBCD2 /* Preview Content */ = {
			isa = PBXGroup;
			children = (
				115A657E27F218F0001CBCD2 /* Preview Assets.xcassets */,
			);
			path = "Preview Content";
			sourceTree = "<group>";
		};
		115A658527F22B63001CBCD2 /* Packages */ = {
			isa = PBXGroup;
			children = (
				115A658627F22B63001CBCD2 /* WalletConnectSwift */,
				115A658D27F22E2E001CBCD2 /* WalletConnectSwift */,
			);
			name = Packages;
			sourceTree = "<group>";
		};
		115A658927F22CFF001CBCD2 /* View */ = {
			isa = PBXGroup;
			children = (
				115A658727F22C3D001CBCD2 /* MainScreen.swift */,
			);
			path = View;
			sourceTree = "<group>";
		};
		115A658A27F22D12001CBCD2 /* ViewModel */ = {
			isa = PBXGroup;
			children = (
				115A658B27F22D93001CBCD2 /* WalletConnect.swift */,
				115A659727F253E8001CBCD2 /* GlobalViewModel.swift */,
			);
			path = ViewModel;
			sourceTree = "<group>";
		};
		115A658E27F23101001CBCD2 /* Frameworks */ = {
			isa = PBXGroup;
			children = (
			);
			name = Frameworks;
			sourceTree = "<group>";
		};
/* End PBXGroup section */

/* Begin PBXNativeTarget section */
		115A657327F218EE001CBCD2 /* MetaWedding */ = {
			isa = PBXNativeTarget;
			buildConfigurationList = 115A658227F218F0001CBCD2 /* Build configuration list for PBXNativeTarget "MetaWedding" */;
			buildPhases = (
				115A657027F218EE001CBCD2 /* Sources */,
				115A657127F218EE001CBCD2 /* Frameworks */,
				115A657227F218EE001CBCD2 /* Resources */,
			);
			buildRules = (
			);
			dependencies = (
			);
			name = MetaWedding;
			packageProductDependencies = (
				115A658F27F23101001CBCD2 /* WalletConnectSwift */,
			);
			productName = MetaWedding;
			productReference = 115A657427F218EE001CBCD2 /* MetaWedding.app */;
			productType = "com.apple.product-type.application";
		};
/* End PBXNativeTarget section */

/* Begin PBXProject section */
		115A656C27F218EE001CBCD2 /* Project object */ = {
			isa = PBXProject;
			attributes = {
				BuildIndependentTargetsInParallel = 1;
				LastSwiftUpdateCheck = 1320;
				LastUpgradeCheck = 1320;
				TargetAttributes = {
					115A657327F218EE001CBCD2 = {
						CreatedOnToolsVersion = 13.2.1;
					};
				};
			};
			buildConfigurationList = 115A656F27F218EE001CBCD2 /* Build configuration list for PBXProject "MetaWedding" */;
			compatibilityVersion = "Xcode 13.0";
			developmentRegion = en;
			hasScannedForEncodings = 0;
			knownRegions = (
				en,
				Base,
			);
			mainGroup = 115A656B27F218EE001CBCD2;
			productRefGroup = 115A657527F218EE001CBCD2 /* Products */;
			projectDirPath = "";
			projectRoot = "";
			targets = (
				115A657327F218EE001CBCD2 /* MetaWedding */,
			);
		};
/* End PBXProject section */

/* Begin PBXResourcesBuildPhase section */
		115A657227F218EE001CBCD2 /* Resources */ = {
			isa = PBXResourcesBuildPhase;
			buildActionMask = 2147483647;
			files = (
				115A657F27F218F0001CBCD2 /* Preview Assets.xcassets in Resources */,
				115A657C27F218F0001CBCD2 /* Assets.xcassets in Resources */,
			);
			runOnlyForDeploymentPostprocessing = 0;
		};
/* End PBXResourcesBuildPhase section */

/* Begin PBXSourcesBuildPhase section */
		115A657027F218EE001CBCD2 /* Sources */ = {
			isa = PBXSourcesBuildPhase;
			buildActionMask = 2147483647;
			files = (
				115A658827F22C3D001CBCD2 /* MainScreen.swift in Sources */,
				115A658C27F22D93001CBCD2 /* WalletConnect.swift in Sources */,
				115A657A27F218EE001CBCD2 /* ContentView.swift in Sources */,
				115A657827F218EE001CBCD2 /* MetaWeddingApp.swift in Sources */,
				115A659827F253E8001CBCD2 /* GlobalViewModel.swift in Sources */,
			);
			runOnlyForDeploymentPostprocessing = 0;
		};
/* End PBXSourcesBuildPhase section */

/* Begin XCBuildConfiguration section */
		115A658027F218F0001CBCD2 /* Debug */ = {
			isa = XCBuildConfiguration;
			buildSettings = {
				ALWAYS_SEARCH_USER_PATHS = NO;
				CLANG_ANALYZER_NONNULL = YES;
				CLANG_ANALYZER_NUMBER_OBJECT_CONVERSION = YES_AGGRESSIVE;
				CLANG_CXX_LANGUAGE_STANDARD = "gnu++17";
				CLANG_CXX_LIBRARY = "libc++";
				CLANG_ENABLE_MODULES = YES;
				CLANG_ENABLE_OBJC_ARC = YES;
				CLANG_ENABLE_OBJC_WEAK = YES;
				CLANG_WARN_BLOCK_CAPTURE_AUTORELEASING = YES;
				CLANG_WARN_BOOL_CONVERSION = YES;
				CLANG_WARN_COMMA = YES;
				CLANG_WARN_CONSTANT_CONVERSION = YES;
				CLANG_WARN_DEPRECATED_OBJC_IMPLEMENTATIONS = YES;
				CLANG_WARN_DIRECT_OBJC_ISA_USAGE = YES_ERROR;
				CLANG_WARN_DOCUMENTATION_COMMENTS = YES;
				CLANG_WARN_EMPTY_BODY = YES;
				CLANG_WARN_ENUM_CONVERSION = YES;
				CLANG_WARN_INFINITE_RECURSION = YES;
				CLANG_WARN_INT_CONVERSION = YES;
				CLANG_WARN_NON_LITERAL_NULL_CONVERSION = YES;
				CLANG_WARN_OBJC_IMPLICIT_RETAIN_SELF = YES;
				CLANG_WARN_OBJC_LITERAL_CONVERSION = YES;
				CLANG_WARN_OBJC_ROOT_CLASS = YES_ERROR;
				CLANG_WARN_QUOTED_INCLUDE_IN_FRAMEWORK_HEADER = YES;
				CLANG_WARN_RANGE_LOOP_ANALYSIS = YES;
				CLANG_WARN_STRICT_PROTOTYPES = YES;
				CLANG_WARN_SUSPICIOUS_MOVE = YES;
				CLANG_WARN_UNGUARDED_AVAILABILITY = YES_AGGRESSIVE;
				CLANG_WARN_UNREACHABLE_CODE = YES;
				CLANG_WARN__DUPLICATE_METHOD_MATCH = YES;
				COPY_PHASE_STRIP = NO;
				DEBUG_INFORMATION_FORMAT = dwarf;
				ENABLE_STRICT_OBJC_MSGSEND = YES;
				ENABLE_TESTABILITY = YES;
				GCC_C_LANGUAGE_STANDARD = gnu11;
				GCC_DYNAMIC_NO_PIC = NO;
				GCC_NO_COMMON_BLOCKS = YES;
				GCC_OPTIMIZATION_LEVEL = 0;
				GCC_PREPROCESSOR_DEFINITIONS = (
					"DEBUG=1",
					"$(inherited)",
				);
				GCC_WARN_64_TO_32_BIT_CONVERSION = YES;
				GCC_WARN_ABOUT_RETURN_TYPE = YES_ERROR;
				GCC_WARN_UNDECLARED_SELECTOR = YES;
				GCC_WARN_UNINITIALIZED_AUTOS = YES_AGGRESSIVE;
				GCC_WARN_UNUSED_FUNCTION = YES;
				GCC_WARN_UNUSED_VARIABLE = YES;
				IPHONEOS_DEPLOYMENT_TARGET = 15.2;
				MTL_ENABLE_DEBUG_INFO = INCLUDE_SOURCE;
				MTL_FAST_MATH = YES;
				ONLY_ACTIVE_ARCH = YES;
				SDKROOT = iphoneos;
				SWIFT_ACTIVE_COMPILATION_CONDITIONS = DEBUG;
				SWIFT_OPTIMIZATION_LEVEL = "-Onone";
			};
			name = Debug;
		};
		115A658127F218F0001CBCD2 /* Release */ = {
			isa = XCBuildConfiguration;
			buildSettings = {
				ALWAYS_SEARCH_USER_PATHS = NO;
				CLANG_ANALYZER_NONNULL = YES;
				CLANG_ANALYZER_NUMBER_OBJECT_CONVERSION = YES_AGGRESSIVE;
				CLANG_CXX_LANGUAGE_STANDARD = "gnu++17";
				CLANG_CXX_LIBRARY = "libc++";
				CLANG_ENABLE_MODULES = YES;
				CLANG_ENABLE_OBJC_ARC = YES;
				CLANG_ENABLE_OBJC_WEAK = YES;
				CLANG_WARN_BLOCK_CAPTURE_AUTORELEASING = YES;
				CLANG_WARN_BOOL_CONVERSION = YES;
				CLANG_WARN_COMMA = YES;
				CLANG_WARN_CONSTANT_CONVERSION = YES;
				CLANG_WARN_DEPRECATED_OBJC_IMPLEMENTATIONS = YES;
				CLANG_WARN_DIRECT_OBJC_ISA_USAGE = YES_ERROR;
				CLANG_WARN_DOCUMENTATION_COMMENTS = YES;
				CLANG_WARN_EMPTY_BODY = YES;
				CLANG_WARN_ENUM_CONVERSION = YES;
				CLANG_WARN_INFINITE_RECURSION = YES;
				CLANG_WARN_INT_CONVERSION = YES;
				CLANG_WARN_NON_LITERAL_NULL_CONVERSION = YES;
				CLANG_WARN_OBJC_IMPLICIT_RETAIN_SELF = YES;
				CLANG_WARN_OBJC_LITERAL_CONVERSION = YES;
				CLANG_WARN_OBJC_ROOT_CLASS = YES_ERROR;
				CLANG_WARN_QUOTED_INCLUDE_IN_FRAMEWORK_HEADER = YES;
				CLANG_WARN_RANGE_LOOP_ANALYSIS = YES;
				CLANG_WARN_STRICT_PROTOTYPES = YES;
				CLANG_WARN_SUSPICIOUS_MOVE = YES;
				CLANG_WARN_UNGUARDED_AVAILABILITY = YES_AGGRESSIVE;
				CLANG_WARN_UNREACHABLE_CODE = YES;
				CLANG_WARN__DUPLICATE_METHOD_MATCH = YES;
				COPY_PHASE_STRIP = NO;
				DEBUG_INFORMATION_FORMAT = "dwarf-with-dsym";
				ENABLE_NS_ASSERTIONS = NO;
				ENABLE_STRICT_OBJC_MSGSEND = YES;
				GCC_C_LANGUAGE_STANDARD = gnu11;
				GCC_NO_COMMON_BLOCKS = YES;
				GCC_WARN_64_TO_32_BIT_CONVERSION = YES;
				GCC_WARN_ABOUT_RETURN_TYPE = YES_ERROR;
				GCC_WARN_UNDECLARED_SELECTOR = YES;
				GCC_WARN_UNINITIALIZED_AUTOS = YES_AGGRESSIVE;
				GCC_WARN_UNUSED_FUNCTION = YES;
				GCC_WARN_UNUSED_VARIABLE = YES;
				IPHONEOS_DEPLOYMENT_TARGET = 15.2;
				MTL_ENABLE_DEBUG_INFO = NO;
				MTL_FAST_MATH = YES;
				SDKROOT = iphoneos;
				SWIFT_COMPILATION_MODE = wholemodule;
				SWIFT_OPTIMIZATION_LEVEL = "-O";
				VALIDATE_PRODUCT = YES;
			};
			name = Release;
		};
		115A658327F218F0001CBCD2 /* Debug */ = {
			isa = XCBuildConfiguration;
			buildSettings = {
				ASSETCATALOG_COMPILER_APPICON_NAME = AppIcon;
				ASSETCATALOG_COMPILER_GLOBAL_ACCENT_COLOR_NAME = AccentColor;
				CODE_SIGN_STYLE = Automatic;
				CURRENT_PROJECT_VERSION = 1;
				DEVELOPMENT_ASSET_PATHS = "\"MetaWedding/Preview Content\"";
				DEVELOPMENT_TEAM = Y4QJ3U33YW;
				ENABLE_PREVIEWS = YES;
				GENERATE_INFOPLIST_FILE = YES;
				INFOPLIST_FILE = MetaWedding/Info.plist;
				INFOPLIST_KEY_UIApplicationSceneManifest_Generation = YES;
				INFOPLIST_KEY_UIApplicationSupportsIndirectInputEvents = YES;
				INFOPLIST_KEY_UILaunchScreen_Generation = YES;
				INFOPLIST_KEY_UISupportedInterfaceOrientations = UIInterfaceOrientationPortrait;
				INFOPLIST_KEY_UISupportedInterfaceOrientations_iPad = "UIInterfaceOrientationPortrait UIInterfaceOrientationPortraitUpsideDown UIInterfaceOrientationLandscapeLeft UIInterfaceOrientationLandscapeRight";
				INFOPLIST_KEY_UISupportedInterfaceOrientations_iPhone = "UIInterfaceOrientationPortrait UIInterfaceOrientationLandscapeLeft UIInterfaceOrientationLandscapeRight";
				IPHONEOS_DEPLOYMENT_TARGET = 14.0;
				LD_RUNPATH_SEARCH_PATHS = (
					"$(inherited)",
					"@executable_path/Frameworks",
				);
				MARKETING_VERSION = 1.0;
				PRODUCT_BUNDLE_IDENTIFIER = com.psoik.MetaWedding;
				PRODUCT_NAME = "$(TARGET_NAME)";
				SWIFT_EMIT_LOC_STRINGS = YES;
				SWIFT_VERSION = 5.0;
				TARGETED_DEVICE_FAMILY = "1,2";
			};
			name = Debug;
		};
		115A658427F218F0001CBCD2 /* Release */ = {
			isa = XCBuildConfiguration;
			buildSettings = {
				ASSETCATALOG_COMPILER_APPICON_NAME = AppIcon;
				ASSETCATALOG_COMPILER_GLOBAL_ACCENT_COLOR_NAME = AccentColor;
				CODE_SIGN_STYLE = Automatic;
				CURRENT_PROJECT_VERSION = 1;
				DEVELOPMENT_ASSET_PATHS = "\"MetaWedding/Preview Content\"";
				DEVELOPMENT_TEAM = Y4QJ3U33YW;
				ENABLE_PREVIEWS = YES;
				GENERATE_INFOPLIST_FILE = YES;
				INFOPLIST_FILE = MetaWedding/Info.plist;
				INFOPLIST_KEY_UIApplicationSceneManifest_Generation = YES;
				INFOPLIST_KEY_UIApplicationSupportsIndirectInputEvents = YES;
				INFOPLIST_KEY_UILaunchScreen_Generation = YES;
				INFOPLIST_KEY_UISupportedInterfaceOrientations = UIInterfaceOrientationPortrait;
				INFOPLIST_KEY_UISupportedInterfaceOrientations_iPad = "UIInterfaceOrientationPortrait UIInterfaceOrientationPortraitUpsideDown UIInterfaceOrientationLandscapeLeft UIInterfaceOrientationLandscapeRight";
				INFOPLIST_KEY_UISupportedInterfaceOrientations_iPhone = "UIInterfaceOrientationPortrait UIInterfaceOrientationLandscapeLeft UIInterfaceOrientationLandscapeRight";
				IPHONEOS_DEPLOYMENT_TARGET = 14.0;
				LD_RUNPATH_SEARCH_PATHS = (
					"$(inherited)",
					"@executable_path/Frameworks",
				);
				MARKETING_VERSION = 1.0;
				PRODUCT_BUNDLE_IDENTIFIER = com.psoik.MetaWedding;
				PRODUCT_NAME = "$(TARGET_NAME)";
				SWIFT_EMIT_LOC_STRINGS = YES;
				SWIFT_VERSION = 5.0;
				TARGETED_DEVICE_FAMILY = "1,2";
			};
			name = Release;
		};
/* End XCBuildConfiguration section */

/* Begin XCConfigurationList section */
		115A656F27F218EE001CBCD2 /* Build configuration list for PBXProject "MetaWedding" */ = {
			isa = XCConfigurationList;
			buildConfigurations = (
				115A658027F218F0001CBCD2 /* Debug */,
				115A658127F218F0001CBCD2 /* Release */,
			);
			defaultConfigurationIsVisible = 0;
			defaultConfigurationName = Release;
		};
		115A658227F218F0001CBCD2 /* Build configuration list for PBXNativeTarget "MetaWedding" */ = {
			isa = XCConfigurationList;
			buildConfigurations = (
				115A658327F218F0001CBCD2 /* Debug */,
				115A658427F218F0001CBCD2 /* Release */,
			);
			defaultConfigurationIsVisible = 0;
			defaultConfigurationName = Release;
		};
/* End XCConfigurationList section */

/* Begin XCSwiftPackageProductDependency section */
		115A658F27F23101001CBCD2 /* WalletConnectSwift */ = {
			isa = XCSwiftPackageProductDependency;
			productName = WalletConnectSwift;
		};
/* End XCSwiftPackageProductDependency section */
	};
	rootObject = 115A656C27F218EE001CBCD2 /* Project object */;
}
