// !$*UTF8*$!
{
	archiveVersion = 1;
	classes = {
	};
	objectVersion = 55;
	objects = {

/* Begin PBXBuildFile section */
		112206F52813679A00AF0315 /* Colors.swift in Sources */ = {isa = PBXBuildFile; fileRef = 112206F42813679A00AF0315 /* Colors.swift */; };
		112206F928137A6D00AF0315 /* NotConnectedScreen.swift in Sources */ = {isa = PBXBuildFile; fileRef = 112206F828137A6D00AF0315 /* NotConnectedScreen.swift */; };
		113977DE28049A5A00D6FD57 /* abi.json in Resources */ = {isa = PBXBuildFile; fileRef = 113977DD28049A5A00D6FD57 /* abi.json */; };
		11481B4B27FA4DF900439106 /* web3swift in Frameworks */ = {isa = PBXBuildFile; productRef = 11481B4A27FA4DF900439106 /* web3swift */; };
		11481B4D27FA4E9A00439106 /* Web3Worker.swift in Sources */ = {isa = PBXBuildFile; fileRef = 11481B4C27FA4E9A00439106 /* Web3Worker.swift */; };
		11481B4F27FA5BA600439106 /* Errors.swift in Sources */ = {isa = PBXBuildFile; fileRef = 11481B4E27FA5BA600439106 /* Errors.swift */; };
		115A657827F218EE001CBCD2 /* MetaWeddingApp.swift in Sources */ = {isa = PBXBuildFile; fileRef = 115A657727F218EE001CBCD2 /* MetaWeddingApp.swift */; };
		115A657A27F218EE001CBCD2 /* ContentView.swift in Sources */ = {isa = PBXBuildFile; fileRef = 115A657927F218EE001CBCD2 /* ContentView.swift */; };
		115A657C27F218F0001CBCD2 /* Assets.xcassets in Resources */ = {isa = PBXBuildFile; fileRef = 115A657B27F218F0001CBCD2 /* Assets.xcassets */; };
		115A657F27F218F0001CBCD2 /* Preview Assets.xcassets in Resources */ = {isa = PBXBuildFile; fileRef = 115A657E27F218F0001CBCD2 /* Preview Assets.xcassets */; };
		115A658827F22C3D001CBCD2 /* AuthScreen.swift in Sources */ = {isa = PBXBuildFile; fileRef = 115A658727F22C3D001CBCD2 /* AuthScreen.swift */; };
		115A658C27F22D93001CBCD2 /* WalletConnect.swift in Sources */ = {isa = PBXBuildFile; fileRef = 115A658B27F22D93001CBCD2 /* WalletConnect.swift */; };
		115A659027F23101001CBCD2 /* WalletConnectSwift in Frameworks */ = {isa = PBXBuildFile; productRef = 115A658F27F23101001CBCD2 /* WalletConnectSwift */; };
		115A659827F253E8001CBCD2 /* GlobalViewModel.swift in Sources */ = {isa = PBXBuildFile; fileRef = 115A659727F253E8001CBCD2 /* GlobalViewModel.swift */; };
		117173E8280CE18800C36A44 /* CertificateMeta.swift in Sources */ = {isa = PBXBuildFile; fileRef = 117173E7280CE18800C36A44 /* CertificateMeta.swift */; };
		118A951A27F925AE00798141 /* Constants.swift in Sources */ = {isa = PBXBuildFile; fileRef = 118A951927F925AE00798141 /* Constants.swift */; };
		118A951C27F9281E00798141 /* Wallets.swift in Sources */ = {isa = PBXBuildFile; fileRef = 118A951B27F9281E00798141 /* Wallets.swift */; };
		118A952227F935E000798141 /* WeddingContainer.swift in Sources */ = {isa = PBXBuildFile; fileRef = 118A952127F935E000798141 /* WeddingContainer.swift */; };
		118A952427F935F600798141 /* MainContainer.swift in Sources */ = {isa = PBXBuildFile; fileRef = 118A952327F935F600798141 /* MainContainer.swift */; };
		11A484C9280F804600DE5C24 /* BackgroundTasksManager.swift in Sources */ = {isa = PBXBuildFile; fileRef = 11A484C8280F804600DE5C24 /* BackgroundTasksManager.swift */; };
		11A5DEF6281F80E700C52422 /* PhotoPicker.swift in Sources */ = {isa = PBXBuildFile; fileRef = 11A5DEF5281F80E700C52422 /* PhotoPicker.swift */; };
		11A92636281A181E00816024 /* WeddingProgress.swift in Sources */ = {isa = PBXBuildFile; fileRef = 11A92635281A181E00816024 /* WeddingProgress.swift */; };
		11A92D7D2814AA9300B98066 /* ConnectSheet.swift in Sources */ = {isa = PBXBuildFile; fileRef = 11A92D7C2814AA9300B98066 /* ConnectSheet.swift */; };
		11A92D7F2814C08F00B98066 /* ConnectedScreen.swift in Sources */ = {isa = PBXBuildFile; fileRef = 11A92D7E2814C08F00B98066 /* ConnectedScreen.swift */; };
		11A92D812814CFB800B98066 /* WrongChainScreen.swift in Sources */ = {isa = PBXBuildFile; fileRef = 11A92D802814CFB800B98066 /* WrongChainScreen.swift */; };
		11AA278027FE372500BC8BCA /* Extensions.swift in Sources */ = {isa = PBXBuildFile; fileRef = 11AA277F27FE372500BC8BCA /* Extensions.swift */; };
		11B4C76D2808CD300058A319 /* SwipeRefresh.swift in Sources */ = {isa = PBXBuildFile; fileRef = 11B4C76C2808CD300058A319 /* SwipeRefresh.swift */; };
		11B4C76F2808F2C10058A319 /* HttpRequester.swift in Sources */ = {isa = PBXBuildFile; fileRef = 11B4C76E2808F2C10058A319 /* HttpRequester.swift */; };
		11B4C77128090DEA0058A319 /* NftStorage.swift in Sources */ = {isa = PBXBuildFile; fileRef = 11B4C77028090DEA0058A319 /* NftStorage.swift */; };
		11B6336D2804B4BD00745730 /* Tools.swift in Sources */ = {isa = PBXBuildFile; fileRef = 11B6336C2804B4BD00745730 /* Tools.swift */; };
		11B6336F2804CCDA00745730 /* TxWorker.swift in Sources */ = {isa = PBXBuildFile; fileRef = 11B6336E2804CCDA00745730 /* TxWorker.swift */; };
		11B8CE59280DD38C00B25974 /* Config.swift in Sources */ = {isa = PBXBuildFile; fileRef = 11B8CE58280DD38C00B25974 /* Config.swift */; };
		11B8CE5B280DF43700B25974 /* WebView.swift in Sources */ = {isa = PBXBuildFile; fileRef = 11B8CE5A280DF43700B25974 /* WebView.swift */; };
		11C356CD27FF82D1007A0E69 /* IdentifiableAlert.swift in Sources */ = {isa = PBXBuildFile; fileRef = 11C356CC27FF82D1007A0E69 /* IdentifiableAlert.swift */; };
		11CE717028038ABC004782E5 /* CertificateWorker.swift in Sources */ = {isa = PBXBuildFile; fileRef = 11CE716F28038ABC004782E5 /* CertificateWorker.swift */; };
		11E32C8A2802220B00A540EE /* Proposal.swift in Sources */ = {isa = PBXBuildFile; fileRef = 11E32C892802220B00A540EE /* Proposal.swift */; };
		11E32C8C2802243200A540EE /* Marriage.swift in Sources */ = {isa = PBXBuildFile; fileRef = 11E32C8B2802243200A540EE /* Marriage.swift */; };
		11E32C8E280224D800A540EE /* DivorceState.swift in Sources */ = {isa = PBXBuildFile; fileRef = 11E32C8D280224D800A540EE /* DivorceState.swift */; };
		11E32C92280229E500A540EE /* MarriageScreen.swift in Sources */ = {isa = PBXBuildFile; fileRef = 11E32C91280229E500A540EE /* MarriageScreen.swift */; };
		11E32C9428022BBB00A540EE /* ProposalsScreen.swift in Sources */ = {isa = PBXBuildFile; fileRef = 11E32C9328022BBB00A540EE /* ProposalsScreen.swift */; };
		11E32C9628022C4600A540EE /* AuthoredProposalsScreen.swift in Sources */ = {isa = PBXBuildFile; fileRef = 11E32C9528022C4600A540EE /* AuthoredProposalsScreen.swift */; };
		11E32C9828022C5300A540EE /* ReceivedProposalsScreen.swift in Sources */ = {isa = PBXBuildFile; fileRef = 11E32C9728022C5300A540EE /* ReceivedProposalsScreen.swift */; };
		11E32C9B28022CDA00A540EE /* ReceivedProposalInfo.swift in Sources */ = {isa = PBXBuildFile; fileRef = 11E32C9A28022CDA00A540EE /* ReceivedProposalInfo.swift */; };
		11E32C9D28022D6300A540EE /* AuthoredProposalInfo.swift in Sources */ = {isa = PBXBuildFile; fileRef = 11E32C9C28022D6300A540EE /* AuthoredProposalInfo.swift */; };
		11E32C9F280236A000A540EE /* ProposalConstructor.swift in Sources */ = {isa = PBXBuildFile; fileRef = 11E32C9E280236A000A540EE /* ProposalConstructor.swift */; };
		11E3D474281883C1004F7C07 /* Placeholder.swift in Sources */ = {isa = PBXBuildFile; fileRef = 11E3D473281883C1004F7C07 /* Placeholder.swift */; };
		11EABE4F281C0BFB003DE322 /* LaunchScreen.storyboard in Resources */ = {isa = PBXBuildFile; fileRef = 11EABE4E281C0BFB003DE322 /* LaunchScreen.storyboard */; };
/* End PBXBuildFile section */

/* Begin PBXFileReference section */
		112206F42813679A00AF0315 /* Colors.swift */ = {isa = PBXFileReference; lastKnownFileType = sourcecode.swift; path = Colors.swift; sourceTree = "<group>"; };
		112206F828137A6D00AF0315 /* NotConnectedScreen.swift */ = {isa = PBXFileReference; lastKnownFileType = sourcecode.swift; path = NotConnectedScreen.swift; sourceTree = "<group>"; };
		113977DD28049A5A00D6FD57 /* abi.json */ = {isa = PBXFileReference; lastKnownFileType = text.json; path = abi.json; sourceTree = "<group>"; };
		11481B4C27FA4E9A00439106 /* Web3Worker.swift */ = {isa = PBXFileReference; lastKnownFileType = sourcecode.swift; path = Web3Worker.swift; sourceTree = "<group>"; };
		11481B4E27FA5BA600439106 /* Errors.swift */ = {isa = PBXFileReference; lastKnownFileType = sourcecode.swift; path = Errors.swift; sourceTree = "<group>"; };
		115A657427F218EE001CBCD2 /* MetaWedding.app */ = {isa = PBXFileReference; explicitFileType = wrapper.application; includeInIndex = 0; path = MetaWedding.app; sourceTree = BUILT_PRODUCTS_DIR; };
		115A657727F218EE001CBCD2 /* MetaWeddingApp.swift */ = {isa = PBXFileReference; lastKnownFileType = sourcecode.swift; path = MetaWeddingApp.swift; sourceTree = "<group>"; };
		115A657927F218EE001CBCD2 /* ContentView.swift */ = {isa = PBXFileReference; lastKnownFileType = sourcecode.swift; path = ContentView.swift; sourceTree = "<group>"; };
		115A657B27F218F0001CBCD2 /* Assets.xcassets */ = {isa = PBXFileReference; lastKnownFileType = folder.assetcatalog; path = Assets.xcassets; sourceTree = "<group>"; };
		115A657E27F218F0001CBCD2 /* Preview Assets.xcassets */ = {isa = PBXFileReference; lastKnownFileType = folder.assetcatalog; path = "Preview Assets.xcassets"; sourceTree = "<group>"; };
		115A658627F22B63001CBCD2 /* WalletConnectSwift */ = {isa = PBXFileReference; lastKnownFileType = wrapper; name = WalletConnectSwift; path = ../../WalletConnectSwift; sourceTree = "<group>"; };
		115A658727F22C3D001CBCD2 /* AuthScreen.swift */ = {isa = PBXFileReference; lastKnownFileType = sourcecode.swift; path = AuthScreen.swift; sourceTree = "<group>"; };
		115A658B27F22D93001CBCD2 /* WalletConnect.swift */ = {isa = PBXFileReference; lastKnownFileType = sourcecode.swift; path = WalletConnect.swift; sourceTree = "<group>"; };
		115A658D27F22E2E001CBCD2 /* WalletConnectSwift */ = {isa = PBXFileReference; lastKnownFileType = wrapper; name = WalletConnectSwift; path = ../../WalletConnectSwift; sourceTree = "<group>"; };
		115A659727F253E8001CBCD2 /* GlobalViewModel.swift */ = {isa = PBXFileReference; lastKnownFileType = sourcecode.swift; path = GlobalViewModel.swift; sourceTree = "<group>"; };
		115A659927F3CD1B001CBCD2 /* Info.plist */ = {isa = PBXFileReference; lastKnownFileType = text.plist.xml; path = Info.plist; sourceTree = "<group>"; };
		117173E7280CE18800C36A44 /* CertificateMeta.swift */ = {isa = PBXFileReference; lastKnownFileType = sourcecode.swift; path = CertificateMeta.swift; sourceTree = "<group>"; };
		118A951927F925AE00798141 /* Constants.swift */ = {isa = PBXFileReference; lastKnownFileType = sourcecode.swift; path = Constants.swift; sourceTree = "<group>"; };
		118A951B27F9281E00798141 /* Wallets.swift */ = {isa = PBXFileReference; lastKnownFileType = sourcecode.swift; path = Wallets.swift; sourceTree = "<group>"; };
		118A952127F935E000798141 /* WeddingContainer.swift */ = {isa = PBXFileReference; lastKnownFileType = sourcecode.swift; path = WeddingContainer.swift; sourceTree = "<group>"; };
		118A952327F935F600798141 /* MainContainer.swift */ = {isa = PBXFileReference; lastKnownFileType = sourcecode.swift; path = MainContainer.swift; sourceTree = "<group>"; };
		11A484C8280F804600DE5C24 /* BackgroundTasksManager.swift */ = {isa = PBXFileReference; lastKnownFileType = sourcecode.swift; path = BackgroundTasksManager.swift; sourceTree = "<group>"; };
		11A5DEF5281F80E700C52422 /* PhotoPicker.swift */ = {isa = PBXFileReference; lastKnownFileType = sourcecode.swift; path = PhotoPicker.swift; sourceTree = "<group>"; };
		11A92635281A181E00816024 /* WeddingProgress.swift */ = {isa = PBXFileReference; lastKnownFileType = sourcecode.swift; path = WeddingProgress.swift; sourceTree = "<group>"; };
		11A92D7C2814AA9300B98066 /* ConnectSheet.swift */ = {isa = PBXFileReference; lastKnownFileType = sourcecode.swift; path = ConnectSheet.swift; sourceTree = "<group>"; };
		11A92D7E2814C08F00B98066 /* ConnectedScreen.swift */ = {isa = PBXFileReference; lastKnownFileType = sourcecode.swift; path = ConnectedScreen.swift; sourceTree = "<group>"; };
		11A92D802814CFB800B98066 /* WrongChainScreen.swift */ = {isa = PBXFileReference; lastKnownFileType = sourcecode.swift; path = WrongChainScreen.swift; sourceTree = "<group>"; };
		11AA277F27FE372500BC8BCA /* Extensions.swift */ = {isa = PBXFileReference; lastKnownFileType = sourcecode.swift; path = Extensions.swift; sourceTree = "<group>"; };
		11B4C76C2808CD300058A319 /* SwipeRefresh.swift */ = {isa = PBXFileReference; lastKnownFileType = sourcecode.swift; path = SwipeRefresh.swift; sourceTree = "<group>"; };
		11B4C76E2808F2C10058A319 /* HttpRequester.swift */ = {isa = PBXFileReference; lastKnownFileType = sourcecode.swift; path = HttpRequester.swift; sourceTree = "<group>"; };
		11B4C77028090DEA0058A319 /* NftStorage.swift */ = {isa = PBXFileReference; lastKnownFileType = sourcecode.swift; path = NftStorage.swift; sourceTree = "<group>"; };
		11B6336C2804B4BD00745730 /* Tools.swift */ = {isa = PBXFileReference; lastKnownFileType = sourcecode.swift; path = Tools.swift; sourceTree = "<group>"; };
		11B6336E2804CCDA00745730 /* TxWorker.swift */ = {isa = PBXFileReference; lastKnownFileType = sourcecode.swift; path = TxWorker.swift; sourceTree = "<group>"; };
		11B8CE58280DD38C00B25974 /* Config.swift */ = {isa = PBXFileReference; lastKnownFileType = sourcecode.swift; path = Config.swift; sourceTree = "<group>"; };
		11B8CE5A280DF43700B25974 /* WebView.swift */ = {isa = PBXFileReference; lastKnownFileType = sourcecode.swift; path = WebView.swift; sourceTree = "<group>"; };
		11C356CC27FF82D1007A0E69 /* IdentifiableAlert.swift */ = {isa = PBXFileReference; lastKnownFileType = sourcecode.swift; path = IdentifiableAlert.swift; sourceTree = "<group>"; };
		11CE716F28038ABC004782E5 /* CertificateWorker.swift */ = {isa = PBXFileReference; lastKnownFileType = sourcecode.swift; path = CertificateWorker.swift; sourceTree = "<group>"; };
		11E32C892802220B00A540EE /* Proposal.swift */ = {isa = PBXFileReference; lastKnownFileType = sourcecode.swift; path = Proposal.swift; sourceTree = "<group>"; };
		11E32C8B2802243200A540EE /* Marriage.swift */ = {isa = PBXFileReference; lastKnownFileType = sourcecode.swift; path = Marriage.swift; sourceTree = "<group>"; };
		11E32C8D280224D800A540EE /* DivorceState.swift */ = {isa = PBXFileReference; lastKnownFileType = sourcecode.swift; path = DivorceState.swift; sourceTree = "<group>"; };
		11E32C91280229E500A540EE /* MarriageScreen.swift */ = {isa = PBXFileReference; lastKnownFileType = sourcecode.swift; path = MarriageScreen.swift; sourceTree = "<group>"; };
		11E32C9328022BBB00A540EE /* ProposalsScreen.swift */ = {isa = PBXFileReference; lastKnownFileType = sourcecode.swift; path = ProposalsScreen.swift; sourceTree = "<group>"; };
		11E32C9528022C4600A540EE /* AuthoredProposalsScreen.swift */ = {isa = PBXFileReference; lastKnownFileType = sourcecode.swift; path = AuthoredProposalsScreen.swift; sourceTree = "<group>"; };
		11E32C9728022C5300A540EE /* ReceivedProposalsScreen.swift */ = {isa = PBXFileReference; lastKnownFileType = sourcecode.swift; path = ReceivedProposalsScreen.swift; sourceTree = "<group>"; };
		11E32C9A28022CDA00A540EE /* ReceivedProposalInfo.swift */ = {isa = PBXFileReference; lastKnownFileType = sourcecode.swift; path = ReceivedProposalInfo.swift; sourceTree = "<group>"; };
		11E32C9C28022D6300A540EE /* AuthoredProposalInfo.swift */ = {isa = PBXFileReference; lastKnownFileType = sourcecode.swift; path = AuthoredProposalInfo.swift; sourceTree = "<group>"; };
		11E32C9E280236A000A540EE /* ProposalConstructor.swift */ = {isa = PBXFileReference; lastKnownFileType = sourcecode.swift; path = ProposalConstructor.swift; sourceTree = "<group>"; };
		11E3D473281883C1004F7C07 /* Placeholder.swift */ = {isa = PBXFileReference; lastKnownFileType = sourcecode.swift; path = Placeholder.swift; sourceTree = "<group>"; };
		11EABE4E281C0BFB003DE322 /* LaunchScreen.storyboard */ = {isa = PBXFileReference; lastKnownFileType = file.storyboard; path = LaunchScreen.storyboard; sourceTree = "<group>"; };
/* End PBXFileReference section */

/* Begin PBXFrameworksBuildPhase section */
		115A657127F218EE001CBCD2 /* Frameworks */ = {
			isa = PBXFrameworksBuildPhase;
			buildActionMask = 2147483647;
			files = (
				115A659027F23101001CBCD2 /* WalletConnectSwift in Frameworks */,
				11481B4B27FA4DF900439106 /* web3swift in Frameworks */,
			);
			runOnlyForDeploymentPostprocessing = 0;
		};
/* End PBXFrameworksBuildPhase section */

/* Begin PBXGroup section */
		115A656B27F218EE001CBCD2 = {
			isa = PBXGroup;
			children = (
				115A658527F22B63001CBCD2 /* Packages */,
				115A657627F218EE001CBCD2 /* MetaWedding */,
				115A657527F218EE001CBCD2 /* Products */,
				115A658E27F23101001CBCD2 /* Frameworks */,
			);
			sourceTree = "<group>";
		};
		115A657527F218EE001CBCD2 /* Products */ = {
			isa = PBXGroup;
			children = (
				115A657427F218EE001CBCD2 /* MetaWedding.app */,
			);
			name = Products;
			sourceTree = "<group>";
		};
		115A657627F218EE001CBCD2 /* MetaWedding */ = {
			isa = PBXGroup;
			children = (
				113977DD28049A5A00D6FD57 /* abi.json */,
				115A659927F3CD1B001CBCD2 /* Info.plist */,
				118A951827F925A000798141 /* Util */,
				11C356CE27FF84E8007A0E69 /* Model */,
				115A658A27F22D12001CBCD2 /* ViewModel */,
				115A658927F22CFF001CBCD2 /* View */,
				115A657727F218EE001CBCD2 /* MetaWeddingApp.swift */,
				115A657927F218EE001CBCD2 /* ContentView.swift */,
				115A657B27F218F0001CBCD2 /* Assets.xcassets */,
				115A657D27F218F0001CBCD2 /* Preview Content */,
			);
			path = MetaWedding;
			sourceTree = "<group>";
		};
		115A657D27F218F0001CBCD2 /* Preview Content */ = {
			isa = PBXGroup;
			children = (
				115A657E27F218F0001CBCD2 /* Preview Assets.xcassets */,
			);
			path = "Preview Content";
			sourceTree = "<group>";
		};
		115A658527F22B63001CBCD2 /* Packages */ = {
			isa = PBXGroup;
			children = (
				115A658627F22B63001CBCD2 /* WalletConnectSwift */,
				115A658D27F22E2E001CBCD2 /* WalletConnectSwift */,
			);
			name = Packages;
			sourceTree = "<group>";
		};
		115A658927F22CFF001CBCD2 /* View */ = {
			isa = PBXGroup;
			children = (
				11C356CB27FF82BB007A0E69 /* Components */,
				11E32C8F2802298C00A540EE /* Auth */,
				11E32C902802299A00A540EE /* Wedding */,
				118A952327F935F600798141 /* MainContainer.swift */,
				11EABE4E281C0BFB003DE322 /* LaunchScreen.storyboard */,
			);
			path = View;
			sourceTree = "<group>";
		};
		115A658A27F22D12001CBCD2 /* ViewModel */ = {
			isa = PBXGroup;
			children = (
				115A658B27F22D93001CBCD2 /* WalletConnect.swift */,
				115A659727F253E8001CBCD2 /* GlobalViewModel.swift */,
				11481B4C27FA4E9A00439106 /* Web3Worker.swift */,
			);
			path = ViewModel;
			sourceTree = "<group>";
		};
		115A658E27F23101001CBCD2 /* Frameworks */ = {
			isa = PBXGroup;
			children = (
			);
			name = Frameworks;
			sourceTree = "<group>";
		};
		118A951827F925A000798141 /* Util */ = {
			isa = PBXGroup;
			children = (
				118A951927F925AE00798141 /* Constants.swift */,
				11481B4E27FA5BA600439106 /* Errors.swift */,
				11AA277F27FE372500BC8BCA /* Extensions.swift */,
				11CE716F28038ABC004782E5 /* CertificateWorker.swift */,
				11B6336C2804B4BD00745730 /* Tools.swift */,
				11B6336E2804CCDA00745730 /* TxWorker.swift */,
				11B4C76E2808F2C10058A319 /* HttpRequester.swift */,
				11B8CE58280DD38C00B25974 /* Config.swift */,
				11A484C8280F804600DE5C24 /* BackgroundTasksManager.swift */,
				112206F42813679A00AF0315 /* Colors.swift */,
			);
			path = Util;
			sourceTree = "<group>";
		};
		11C356CB27FF82BB007A0E69 /* Components */ = {
			isa = PBXGroup;
			children = (
				11C356CC27FF82D1007A0E69 /* IdentifiableAlert.swift */,
				11A5DEF5281F80E700C52422 /* PhotoPicker.swift */,
				11B4C76C2808CD300058A319 /* SwipeRefresh.swift */,
				11B8CE5A280DF43700B25974 /* WebView.swift */,
				11E3D473281883C1004F7C07 /* Placeholder.swift */,
				11A92635281A181E00816024 /* WeddingProgress.swift */,
			);
			path = Components;
			sourceTree = "<group>";
		};
		11C356CE27FF84E8007A0E69 /* Model */ = {
			isa = PBXGroup;
			children = (
				118A951B27F9281E00798141 /* Wallets.swift */,
				11B4C77028090DEA0058A319 /* NftStorage.swift */,
				11E32C892802220B00A540EE /* Proposal.swift */,
				11E32C8B2802243200A540EE /* Marriage.swift */,
				11E32C8D280224D800A540EE /* DivorceState.swift */,
				117173E7280CE18800C36A44 /* CertificateMeta.swift */,
			);
			path = Model;
			sourceTree = "<group>";
		};
		11E32C8F2802298C00A540EE /* Auth */ = {
			isa = PBXGroup;
			children = (
				115A658727F22C3D001CBCD2 /* AuthScreen.swift */,
				112206F828137A6D00AF0315 /* NotConnectedScreen.swift */,
				11A92D7C2814AA9300B98066 /* ConnectSheet.swift */,
				11A92D7E2814C08F00B98066 /* ConnectedScreen.swift */,
				11A92D802814CFB800B98066 /* WrongChainScreen.swift */,
			);
			path = Auth;
			sourceTree = "<group>";
		};
		11E32C902802299A00A540EE /* Wedding */ = {
			isa = PBXGroup;
			children = (
				11E32C9928022C6400A540EE /* Proposals */,
				118A952127F935E000798141 /* WeddingContainer.swift */,
				11E32C91280229E500A540EE /* MarriageScreen.swift */,
			);
			path = Wedding;
			sourceTree = "<group>";
		};
		11E32C9928022C6400A540EE /* Proposals */ = {
			isa = PBXGroup;
			children = (
				11E32C9328022BBB00A540EE /* ProposalsScreen.swift */,
				11E32C9E280236A000A540EE /* ProposalConstructor.swift */,
				11E32C9528022C4600A540EE /* AuthoredProposalsScreen.swift */,
				11E32C9C28022D6300A540EE /* AuthoredProposalInfo.swift */,
				11E32C9728022C5300A540EE /* ReceivedProposalsScreen.swift */,
				11E32C9A28022CDA00A540EE /* ReceivedProposalInfo.swift */,
			);
			path = Proposals;
			sourceTree = "<group>";
		};
/* End PBXGroup section */

/* Begin PBXNativeTarget section */
		115A657327F218EE001CBCD2 /* MetaWedding */ = {
			isa = PBXNativeTarget;
			buildConfigurationList = 115A658227F218F0001CBCD2 /* Build configuration list for PBXNativeTarget "MetaWedding" */;
			buildPhases = (
				115A657027F218EE001CBCD2 /* Sources */,
				115A657127F218EE001CBCD2 /* Frameworks */,
				115A657227F218EE001CBCD2 /* Resources */,
			);
			buildRules = (
			);
			dependencies = (
			);
			name = MetaWedding;
			packageProductDependencies = (
				115A658F27F23101001CBCD2 /* WalletConnectSwift */,
				11481B4A27FA4DF900439106 /* web3swift */,
			);
			productName = MetaWedding;
			productReference = 115A657427F218EE001CBCD2 /* MetaWedding.app */;
			productType = "com.apple.product-type.application";
		};
/* End PBXNativeTarget section */

/* Begin PBXProject section */
		115A656C27F218EE001CBCD2 /* Project object */ = {
			isa = PBXProject;
			attributes = {
				BuildIndependentTargetsInParallel = 1;
				LastSwiftUpdateCheck = 1320;
				LastUpgradeCheck = 1320;
				TargetAttributes = {
					115A657327F218EE001CBCD2 = {
						CreatedOnToolsVersion = 13.2.1;
					};
				};
			};
			buildConfigurationList = 115A656F27F218EE001CBCD2 /* Build configuration list for PBXProject "MetaWedding" */;
			compatibilityVersion = "Xcode 13.0";
			developmentRegion = en;
			hasScannedForEncodings = 0;
			knownRegions = (
				en,
				Base,
			);
			mainGroup = 115A656B27F218EE001CBCD2;
			packageReferences = (
				11481B4927FA4DF900439106 /* XCRemoteSwiftPackageReference "web3swift" */,
			);
			productRefGroup = 115A657527F218EE001CBCD2 /* Products */;
			projectDirPath = "";
			projectRoot = "";
			targets = (
				115A657327F218EE001CBCD2 /* MetaWedding */,
			);
		};
/* End PBXProject section */

/* Begin PBXResourcesBuildPhase section */
		115A657227F218EE001CBCD2 /* Resources */ = {
			isa = PBXResourcesBuildPhase;
			buildActionMask = 2147483647;
			files = (
				113977DE28049A5A00D6FD57 /* abi.json in Resources */,
				11EABE4F281C0BFB003DE322 /* LaunchScreen.storyboard in Resources */,
				115A657F27F218F0001CBCD2 /* Preview Assets.xcassets in Resources */,
				115A657C27F218F0001CBCD2 /* Assets.xcassets in Resources */,
			);
			runOnlyForDeploymentPostprocessing = 0;
		};
/* End PBXResourcesBuildPhase section */

/* Begin PBXSourcesBuildPhase section */
		115A657027F218EE001CBCD2 /* Sources */ = {
			isa = PBXSourcesBuildPhase;
			buildActionMask = 2147483647;
			files = (
				118A952227F935E000798141 /* WeddingContainer.swift in Sources */,
				11E32C92280229E500A540EE /* MarriageScreen.swift in Sources */,
				11E32C8C2802243200A540EE /* Marriage.swift in Sources */,
				11E32C9828022C5300A540EE /* ReceivedProposalsScreen.swift in Sources */,
				11B4C76D2808CD300058A319 /* SwipeRefresh.swift in Sources */,
				11A92D812814CFB800B98066 /* WrongChainScreen.swift in Sources */,
				11CE717028038ABC004782E5 /* CertificateWorker.swift in Sources */,
				117173E8280CE18800C36A44 /* CertificateMeta.swift in Sources */,
				11B4C77128090DEA0058A319 /* NftStorage.swift in Sources */,
				11A484C9280F804600DE5C24 /* BackgroundTasksManager.swift in Sources */,
				11C356CD27FF82D1007A0E69 /* IdentifiableAlert.swift in Sources */,
				118A952427F935F600798141 /* MainContainer.swift in Sources */,
				112206F928137A6D00AF0315 /* NotConnectedScreen.swift in Sources */,
				11E32C8E280224D800A540EE /* DivorceState.swift in Sources */,
				11E32C9628022C4600A540EE /* AuthoredProposalsScreen.swift in Sources */,
				11481B4D27FA4E9A00439106 /* Web3Worker.swift in Sources */,
				11B4C76F2808F2C10058A319 /* HttpRequester.swift in Sources */,
				11E32C9F280236A000A540EE /* ProposalConstructor.swift in Sources */,
				115A658827F22C3D001CBCD2 /* AuthScreen.swift in Sources */,
				11A92D7D2814AA9300B98066 /* ConnectSheet.swift in Sources */,
				11B6336D2804B4BD00745730 /* Tools.swift in Sources */,
				115A658C27F22D93001CBCD2 /* WalletConnect.swift in Sources */,
				115A657A27F218EE001CBCD2 /* ContentView.swift in Sources */,
				115A657827F218EE001CBCD2 /* MetaWeddingApp.swift in Sources */,
				11B8CE5B280DF43700B25974 /* WebView.swift in Sources */,
				11AA278027FE372500BC8BCA /* Extensions.swift in Sources */,
				11E32C9428022BBB00A540EE /* ProposalsScreen.swift in Sources */,
				11481B4F27FA5BA600439106 /* Errors.swift in Sources */,
				11E32C8A2802220B00A540EE /* Proposal.swift in Sources */,
				11E32C9D28022D6300A540EE /* AuthoredProposalInfo.swift in Sources */,
				11E3D474281883C1004F7C07 /* Placeholder.swift in Sources */,
				11E32C9B28022CDA00A540EE /* ReceivedProposalInfo.swift in Sources */,
				115A659827F253E8001CBCD2 /* GlobalViewModel.swift in Sources */,
				11A5DEF6281F80E700C52422 /* PhotoPicker.swift in Sources */,
				11B6336F2804CCDA00745730 /* TxWorker.swift in Sources */,
				112206F52813679A00AF0315 /* Colors.swift in Sources */,
				11B8CE59280DD38C00B25974 /* Config.swift in Sources */,
				118A951C27F9281E00798141 /* Wallets.swift in Sources */,
				118A951A27F925AE00798141 /* Constants.swift in Sources */,
				11A92D7F2814C08F00B98066 /* ConnectedScreen.swift in Sources */,
				11A92636281A181E00816024 /* WeddingProgress.swift in Sources */,
			);
			runOnlyForDeploymentPostprocessing = 0;
		};
/* End PBXSourcesBuildPhase section */

/* Begin XCBuildConfiguration section */
		115A658027F218F0001CBCD2 /* Debug */ = {
			isa = XCBuildConfiguration;
			buildSettings = {
				ALWAYS_SEARCH_USER_PATHS = NO;
				CLANG_ANALYZER_NONNULL = YES;
				CLANG_ANALYZER_NUMBER_OBJECT_CONVERSION = YES_AGGRESSIVE;
				CLANG_CXX_LANGUAGE_STANDARD = "gnu++17";
				CLANG_CXX_LIBRARY = "libc++";
				CLANG_ENABLE_MODULES = YES;
				CLANG_ENABLE_OBJC_ARC = YES;
				CLANG_ENABLE_OBJC_WEAK = YES;
				CLANG_WARN_BLOCK_CAPTURE_AUTORELEASING = YES;
				CLANG_WARN_BOOL_CONVERSION = YES;
				CLANG_WARN_COMMA = YES;
				CLANG_WARN_CONSTANT_CONVERSION = YES;
				CLANG_WARN_DEPRECATED_OBJC_IMPLEMENTATIONS = YES;
				CLANG_WARN_DIRECT_OBJC_ISA_USAGE = YES_ERROR;
				CLANG_WARN_DOCUMENTATION_COMMENTS = YES;
				CLANG_WARN_EMPTY_BODY = YES;
				CLANG_WARN_ENUM_CONVERSION = YES;
				CLANG_WARN_INFINITE_RECURSION = YES;
				CLANG_WARN_INT_CONVERSION = YES;
				CLANG_WARN_NON_LITERAL_NULL_CONVERSION = YES;
				CLANG_WARN_OBJC_IMPLICIT_RETAIN_SELF = YES;
				CLANG_WARN_OBJC_LITERAL_CONVERSION = YES;
				CLANG_WARN_OBJC_ROOT_CLASS = YES_ERROR;
				CLANG_WARN_QUOTED_INCLUDE_IN_FRAMEWORK_HEADER = YES;
				CLANG_WARN_RANGE_LOOP_ANALYSIS = YES;
				CLANG_WARN_STRICT_PROTOTYPES = YES;
				CLANG_WARN_SUSPICIOUS_MOVE = YES;
				CLANG_WARN_UNGUARDED_AVAILABILITY = YES_AGGRESSIVE;
				CLANG_WARN_UNREACHABLE_CODE = YES;
				CLANG_WARN__DUPLICATE_METHOD_MATCH = YES;
				COPY_PHASE_STRIP = NO;
				DEBUG_INFORMATION_FORMAT = dwarf;
				ENABLE_STRICT_OBJC_MSGSEND = YES;
				ENABLE_TESTABILITY = YES;
				GCC_C_LANGUAGE_STANDARD = gnu11;
				GCC_DYNAMIC_NO_PIC = NO;
				GCC_NO_COMMON_BLOCKS = YES;
				GCC_OPTIMIZATION_LEVEL = 0;
				GCC_PREPROCESSOR_DEFINITIONS = (
					"DEBUG=1",
					"$(inherited)",
				);
				GCC_WARN_64_TO_32_BIT_CONVERSION = YES;
				GCC_WARN_ABOUT_RETURN_TYPE = YES_ERROR;
				GCC_WARN_UNDECLARED_SELECTOR = YES;
				GCC_WARN_UNINITIALIZED_AUTOS = YES_AGGRESSIVE;
				GCC_WARN_UNUSED_FUNCTION = YES;
				GCC_WARN_UNUSED_VARIABLE = YES;
				IPHONEOS_DEPLOYMENT_TARGET = 15.2;
				MTL_ENABLE_DEBUG_INFO = INCLUDE_SOURCE;
				MTL_FAST_MATH = YES;
				ONLY_ACTIVE_ARCH = YES;
				SDKROOT = iphoneos;
				SWIFT_ACTIVE_COMPILATION_CONDITIONS = DEBUG;
				SWIFT_OPTIMIZATION_LEVEL = "-Onone";
			};
			name = Debug;
		};
		115A658127F218F0001CBCD2 /* Release */ = {
			isa = XCBuildConfiguration;
			buildSettings = {
				ALWAYS_SEARCH_USER_PATHS = NO;
				CLANG_ANALYZER_NONNULL = YES;
				CLANG_ANALYZER_NUMBER_OBJECT_CONVERSION = YES_AGGRESSIVE;
				CLANG_CXX_LANGUAGE_STANDARD = "gnu++17";
				CLANG_CXX_LIBRARY = "libc++";
				CLANG_ENABLE_MODULES = YES;
				CLANG_ENABLE_OBJC_ARC = YES;
				CLANG_ENABLE_OBJC_WEAK = YES;
				CLANG_WARN_BLOCK_CAPTURE_AUTORELEASING = YES;
				CLANG_WARN_BOOL_CONVERSION = YES;
				CLANG_WARN_COMMA = YES;
				CLANG_WARN_CONSTANT_CONVERSION = YES;
				CLANG_WARN_DEPRECATED_OBJC_IMPLEMENTATIONS = YES;
				CLANG_WARN_DIRECT_OBJC_ISA_USAGE = YES_ERROR;
				CLANG_WARN_DOCUMENTATION_COMMENTS = YES;
				CLANG_WARN_EMPTY_BODY = YES;
				CLANG_WARN_ENUM_CONVERSION = YES;
				CLANG_WARN_INFINITE_RECURSION = YES;
				CLANG_WARN_INT_CONVERSION = YES;
				CLANG_WARN_NON_LITERAL_NULL_CONVERSION = YES;
				CLANG_WARN_OBJC_IMPLICIT_RETAIN_SELF = YES;
				CLANG_WARN_OBJC_LITERAL_CONVERSION = YES;
				CLANG_WARN_OBJC_ROOT_CLASS = YES_ERROR;
				CLANG_WARN_QUOTED_INCLUDE_IN_FRAMEWORK_HEADER = YES;
				CLANG_WARN_RANGE_LOOP_ANALYSIS = YES;
				CLANG_WARN_STRICT_PROTOTYPES = YES;
				CLANG_WARN_SUSPICIOUS_MOVE = YES;
				CLANG_WARN_UNGUARDED_AVAILABILITY = YES_AGGRESSIVE;
				CLANG_WARN_UNREACHABLE_CODE = YES;
				CLANG_WARN__DUPLICATE_METHOD_MATCH = YES;
				COPY_PHASE_STRIP = NO;
				DEBUG_INFORMATION_FORMAT = "dwarf-with-dsym";
				ENABLE_NS_ASSERTIONS = NO;
				ENABLE_STRICT_OBJC_MSGSEND = YES;
				GCC_C_LANGUAGE_STANDARD = gnu11;
				GCC_NO_COMMON_BLOCKS = YES;
				GCC_WARN_64_TO_32_BIT_CONVERSION = YES;
				GCC_WARN_ABOUT_RETURN_TYPE = YES_ERROR;
				GCC_WARN_UNDECLARED_SELECTOR = YES;
				GCC_WARN_UNINITIALIZED_AUTOS = YES_AGGRESSIVE;
				GCC_WARN_UNUSED_FUNCTION = YES;
				GCC_WARN_UNUSED_VARIABLE = YES;
				IPHONEOS_DEPLOYMENT_TARGET = 15.2;
				MTL_ENABLE_DEBUG_INFO = NO;
				MTL_FAST_MATH = YES;
				SDKROOT = iphoneos;
				SWIFT_COMPILATION_MODE = wholemodule;
				SWIFT_OPTIMIZATION_LEVEL = "-O";
				VALIDATE_PRODUCT = YES;
			};
			name = Release;
		};
		115A658327F218F0001CBCD2 /* Debug */ = {
			isa = XCBuildConfiguration;
			buildSettings = {
				ASSETCATALOG_COMPILER_APPICON_NAME = AppIcon;
				ASSETCATALOG_COMPILER_GLOBAL_ACCENT_COLOR_NAME = AccentColor;
				CODE_SIGN_STYLE = Automatic;
				CURRENT_PROJECT_VERSION = 1;
				DEVELOPMENT_ASSET_PATHS = "\"MetaWedding/Preview Content\"";
				DEVELOPMENT_TEAM = QP27S8ZPKZ;
				ENABLE_PREVIEWS = YES;
				GENERATE_INFOPLIST_FILE = YES;
				INFOPLIST_FILE = MetaWedding/Info.plist;
				INFOPLIST_KEY_CFBundleDisplayName = W3dding;
				INFOPLIST_KEY_UIApplicationSceneManifest_Generation = YES;
				INFOPLIST_KEY_UIApplicationSupportsIndirectInputEvents = YES;
				INFOPLIST_KEY_UILaunchScreen_Generation = YES;
				INFOPLIST_KEY_UILaunchStoryboardName = LaunchScreen;
				INFOPLIST_KEY_UISupportedInterfaceOrientations = UIInterfaceOrientationPortrait;
				INFOPLIST_KEY_UISupportedInterfaceOrientations_iPad = "UIInterfaceOrientationPortrait UIInterfaceOrientationPortraitUpsideDown UIInterfaceOrientationLandscapeLeft UIInterfaceOrientationLandscapeRight";
				INFOPLIST_KEY_UISupportedInterfaceOrientations_iPhone = UIInterfaceOrientationPortrait;
				IPHONEOS_DEPLOYMENT_TARGET = 14.0;
				LD_RUNPATH_SEARCH_PATHS = (
					"$(inherited)",
					"@executable_path/Frameworks",
				);
				MARKETING_VERSION = 0.0.1;
				PRODUCT_BUNDLE_IDENTIFIER = com.crypto.wedding2;
				PRODUCT_NAME = "$(TARGET_NAME)";
				SWIFT_EMIT_LOC_STRINGS = YES;
				SWIFT_VERSION = 5.0;
				TARGETED_DEVICE_FAMILY = 1;
			};
			name = Debug;
		};
		115A658427F218F0001CBCD2 /* Release */ = {
			isa = XCBuildConfiguration;
			buildSettings = {
				ASSETCATALOG_COMPILER_APPICON_NAME = AppIcon;
				ASSETCATALOG_COMPILER_GLOBAL_ACCENT_COLOR_NAME = AccentColor;
				CODE_SIGN_STYLE = Automatic;
				CURRENT_PROJECT_VERSION = 1;
				DEVELOPMENT_ASSET_PATHS = "\"MetaWedding/Preview Content\"";
				DEVELOPMENT_TEAM = QP27S8ZPKZ;
				ENABLE_PREVIEWS = YES;
				GENERATE_INFOPLIST_FILE = YES;
				INFOPLIST_FILE = MetaWedding/Info.plist;
				INFOPLIST_KEY_CFBundleDisplayName = W3dding;
				INFOPLIST_KEY_UIApplicationSceneManifest_Generation = YES;
				INFOPLIST_KEY_UIApplicationSupportsIndirectInputEvents = YES;
				INFOPLIST_KEY_UILaunchScreen_Generation = YES;
				INFOPLIST_KEY_UILaunchStoryboardName = LaunchScreen;
				INFOPLIST_KEY_UISupportedInterfaceOrientations = UIInterfaceOrientationPortrait;
				INFOPLIST_KEY_UISupportedInterfaceOrientations_iPad = "UIInterfaceOrientationPortrait UIInterfaceOrientationPortraitUpsideDown UIInterfaceOrientationLandscapeLeft UIInterfaceOrientationLandscapeRight";
				INFOPLIST_KEY_UISupportedInterfaceOrientations_iPhone = UIInterfaceOrientationPortrait;
				IPHONEOS_DEPLOYMENT_TARGET = 14.0;
				LD_RUNPATH_SEARCH_PATHS = (
					"$(inherited)",
					"@executable_path/Frameworks",
				);
				MARKETING_VERSION = 0.0.1;
				PRODUCT_BUNDLE_IDENTIFIER = com.crypto.wedding2;
				PRODUCT_NAME = "$(TARGET_NAME)";
				SWIFT_EMIT_LOC_STRINGS = YES;
				SWIFT_VERSION = 5.0;
				TARGETED_DEVICE_FAMILY = 1;
			};
			name = Release;
		};
/* End XCBuildConfiguration section */

/* Begin XCConfigurationList section */
		115A656F27F218EE001CBCD2 /* Build configuration list for PBXProject "MetaWedding" */ = {
			isa = XCConfigurationList;
			buildConfigurations = (
				115A658027F218F0001CBCD2 /* Debug */,
				115A658127F218F0001CBCD2 /* Release */,
			);
			defaultConfigurationIsVisible = 0;
			defaultConfigurationName = Release;
		};
		115A658227F218F0001CBCD2 /* Build configuration list for PBXNativeTarget "MetaWedding" */ = {
			isa = XCConfigurationList;
			buildConfigurations = (
				115A658327F218F0001CBCD2 /* Debug */,
				115A658427F218F0001CBCD2 /* Release */,
			);
			defaultConfigurationIsVisible = 0;
			defaultConfigurationName = Release;
		};
/* End XCConfigurationList section */

/* Begin XCRemoteSwiftPackageReference section */
		11481B4927FA4DF900439106 /* XCRemoteSwiftPackageReference "web3swift" */ = {
			isa = XCRemoteSwiftPackageReference;
			repositoryURL = "https://github.com/skywinder/web3swift";
			requirement = {
				kind = upToNextMajorVersion;
				minimumVersion = 2.0.0;
			};
		};
/* End XCRemoteSwiftPackageReference section */

/* Begin XCSwiftPackageProductDependency section */
		11481B4A27FA4DF900439106 /* web3swift */ = {
			isa = XCSwiftPackageProductDependency;
			package = 11481B4927FA4DF900439106 /* XCRemoteSwiftPackageReference "web3swift" */;
			productName = web3swift;
		};
		115A658F27F23101001CBCD2 /* WalletConnectSwift */ = {
			isa = XCSwiftPackageProductDependency;
			productName = WalletConnectSwift;
		};
/* End XCSwiftPackageProductDependency section */
	};
	rootObject = 115A656C27F218EE001CBCD2 /* Project object */;
}
